Microsoft Visual Studio Solution File, Format Version 12.00
# Visual Studio 2012
Project("{FAE04EC0-301F-11D3-BF4B-00C04F79EFBC}") = "Horror Game Demo", "Horror Game Demo.csproj", "{275538A8-F83D-4977-BD42-9794F47B5C26}"
EndProject
Global
	GlobalSection(SolutionConfigurationPlatforms) = preSolution
	Debug|Any CPU = Debug|Any CPU
	ExportDebug|Any CPU = ExportDebug|Any CPU
	ExportRelease|Any CPU = ExportRelease|Any CPU
	EndGlobalSection
	GlobalSection(ProjectConfigurationPlatforms) = postSolution
		{275538A8-F83D-4977-BD42-9794F47B5C26}.Debug|Any CPU.ActiveCfg = Debug|Any CPU
		{275538A8-F83D-4977-BD42-9794F47B5C26}.Debug|Any CPU.Build.0 = Debug|Any CPU
		{275538A8-F83D-4977-BD42-9794F47B5C26}.ExportDebug|Any CPU.ActiveCfg = ExportDebug|Any CPU
		{275538A8-F83D-4977-BD42-9794F47B5C26}.ExportDebug|Any CPU.Build.0 = ExportDebug|Any CPU
		{275538A8-F83D-4977-BD42-9794F47B5C26}.ExportRelease|Any CPU.ActiveCfg = ExportRelease|Any CPU
		{275538A8-F83D-4977-BD42-9794F47B5C26}.ExportRelease|Any CPU.Build.0 = ExportRelease|Any CPU
	EndGlobalSection
EndGlobal
